
Microsoft Visual Studio Solution File, Format Version 12.00
# Visual Studio Version 17
VisualStudioVersion = 17.10.35013.160
MinimumVisualStudioVersion = 10.0.40219.1
Project("{FAE04EC0-301F-11D3-BF4B-00C04F79EFBC}") = "PruebaNET_CarlosCarias_API", "PruebaNET_CarlosCarias_API\PruebaNET_CarlosCarias_API.csproj", "{9FD73C2B-A073-4398-81E7-574820916E29}"
EndProject
Global
	GlobalSection(SolutionConfigurationPlatforms) = preSolution
		Debug|Any CPU = Debug|Any CPU
		Release|Any CPU = Release|Any CPU
	EndGlobalSection
	GlobalSection(ProjectConfigurationPlatforms) = postSolution
		{9FD73C2B-A073-4398-81E7-574820916E29}.Debug|Any CPU.ActiveCfg = Debug|Any CPU
		{9FD73C2B-A073-4398-81E7-574820916E29}.Debug|Any CPU.Build.0 = Debug|Any CPU
		{9FD73C2B-A073-4398-81E7-574820916E29}.Release|Any CPU.ActiveCfg = Release|Any CPU
		{9FD73C2B-A073-4398-81E7-574820916E29}.Release|Any CPU.Build.0 = Release|Any CPU
	EndGlobalSection
	GlobalSection(SolutionProperties) = preSolution
		HideSolutionNode = FALSE
	EndGlobalSection
	GlobalSection(ExtensibilityGlobals) = postSolution
		SolutionGuid = {57AE6C7D-921F-4C7E-AA04-46D1C46F7328}
	EndGlobalSection
EndGlobal
